
Microsoft Visual Studio Solution File, Format Version 12.00
# Visual Studio Version 17
VisualStudioVersion = 17.14.37411.7 d17.14
MinimumVisualStudioVersion = 10.0.40219.1
Project("{FAE04EC0-301F-11D3-BF4B-00C04F79EFBC}") = "ThisIsCSharpStudy", "ThisIsCSharpStudy.csproj", "{29FCB7CD-17A4-4858-AEEA-D9823D4736FB}"
EndProject
Global
	GlobalSection(SolutionConfigurationPlatforms) = preSolution
		Debug|Any CPU = Debug|Any CPU
		Release|Any CPU = Release|Any CPU
	EndGlobalSection
	GlobalSection(ProjectConfigurationPlatforms) = postSolution
		{29FCB7CD-17A4-4858-AEEA-D9823D4736FB}.Debug|Any CPU.ActiveCfg = Debug|Any CPU
		{29FCB7CD-17A4-4858-AEEA-D9823D4736FB}.Debug|Any CPU.Build.0 = Debug|Any CPU
		{29FCB7CD-17A4-4858-AEEA-D9823D4736FB}.Release|Any CPU.ActiveCfg = Release|Any CPU
		{29FCB7CD-17A4-4858-AEEA-D9823D4736FB}.Release|Any CPU.Build.0 = Release|Any CPU
	EndGlobalSection
	GlobalSection(SolutionProperties) = preSolution
		HideSolutionNode = FALSE
	EndGlobalSection
	GlobalSection(ExtensibilityGlobals) = postSolution
		SolutionGuid = {41C71453-B9BE-4252-88D5-2EEC07780DAF}
	EndGlobalSection
EndGlobal
